
Microsoft Visual Studio Solution File, Format Version 12.00
# Visual Studio Version 16
VisualStudioVersion = 16.0.29411.108
MinimumVisualStudioVersion = 10.0.40219.1
Project("{8BC9CEB8-8B4A-11D0-8D11-00A0C91BC942}") = "gf3d++", "gf3d++.vcxproj", "{A3B714A6-2B5B-41BF-B33B-B94E320E5FFB}"
EndProject
Global
	GlobalSection(SolutionConfigurationPlatforms) = preSolution
		Debug|x64 = Debug|x64
		Debug|x86 = Debug|x86
		Release|x64 = Release|x64
		Release|x86 = Release|x86
	EndGlobalSection
	GlobalSection(ProjectConfigurationPlatforms) = postSolution
		{A3B714A6-2B5B-41BF-B33B-B94E320E5FFB}.Debug|x64.ActiveCfg = Debug|x64
		{A3B714A6-2B5B-41BF-B33B-B94E320E5FFB}.Debug|x64.Build.0 = Debug|x64
		{A3B714A6-2B5B-41BF-B33B-B94E320E5FFB}.Debug|x86.ActiveCfg = Debug|Win32
		{A3B714A6-2B5B-41BF-B33B-B94E320E5FFB}.Debug|x86.Build.0 = Debug|Win32
		{A3B714A6-2B5B-41BF-B33B-B94E320E5FFB}.Release|x64.ActiveCfg = Release|x64
		{A3B714A6-2B5B-41BF-B33B-B94E320E5FFB}.Release|x64.Build.0 = Release|x64
		{A3B714A6-2B5B-41BF-B33B-B94E320E5FFB}.Release|x86.ActiveCfg = Release|Win32
		{A3B714A6-2B5B-41BF-B33B-B94E320E5FFB}.Release|x86.Build.0 = Release|Win32
	EndGlobalSection
	GlobalSection(SolutionProperties) = preSolution
		HideSolutionNode = FALSE
	EndGlobalSection
	GlobalSection(ExtensibilityGlobals) = postSolution
		SolutionGuid = {3710255B-D27D-47B6-9E9D-D33AEC612ED7}
	EndGlobalSection
EndGlobal
